// !$*UTF8*$!
{
	archiveVersion = 1;
	classes = {
	};
	objectVersion = 46;
	objects = {

/* Begin PBXBuildFile section */
		9841F3C11BFAA888008F6E84 /* PlaySoundViewController.swift in Sources */ = {isa = PBXBuildFile; fileRef = 9841F3C01BFAA888008F6E84 /* PlaySoundViewController.swift */; };
		988F8E711BFBC1E000CB0AD2 /* movie_quote.mp3 in Resources */ = {isa = PBXBuildFile; fileRef = 988F8E701BFBC1E000CB0AD2 /* movie_quote.mp3 */; };
		988F8E731BFBDFCB00CB0AD2 /* RecordedAudio.swift in Sources */ = {isa = PBXBuildFile; fileRef = 988F8E721BFBDFCB00CB0AD2 /* RecordedAudio.swift */; };
		98D5A5401BFA89E80059708A /* AppDelegate.swift in Sources */ = {isa = PBXBuildFile; fileRef = 98D5A53F1BFA89E80059708A /* AppDelegate.swift */; };
		98D5A5421BFA89E80059708A /* RecordSoundViewController.swift in Sources */ = {isa = PBXBuildFile; fileRef = 98D5A5411BFA89E80059708A /* RecordSoundViewController.swift */; };
		98D5A5451BFA89E80059708A /* Main.storyboard in Resources */ = {isa = PBXBuildFile; fileRef = 98D5A5431BFA89E80059708A /* Main.storyboard */; };
		98D5A5471BFA89E80059708A /* Assets.xcassets in Resources */ = {isa = PBXBuildFile; fileRef = 98D5A5461BFA89E80059708A /* Assets.xcassets */; };
		98D5A54A1BFA89E80059708A /* LaunchScreen.storyboard in Resources */ = {isa = PBXBuildFile; fileRef = 98D5A5481BFA89E80059708A /* LaunchScreen.storyboard */; };
/* End PBXBuildFile section */

/* Begin PBXFileReference section */
		9841F3C01BFAA888008F6E84 /* PlaySoundViewController.swift */ = {isa = PBXFileReference; fileEncoding = 4; lastKnownFileType = sourcecode.swift; path = PlaySoundViewController.swift; sourceTree = "<group>"; };
		988F8E701BFBC1E000CB0AD2 /* movie_quote.mp3 */ = {isa = PBXFileReference; lastKnownFileType = audio.mp3; name = movie_quote.mp3; path = ../../Downloads/movie_quote.mp3; sourceTree = "<group>"; };
		988F8E721BFBDFCB00CB0AD2 /* RecordedAudio.swift */ = {isa = PBXFileReference; fileEncoding = 4; lastKnownFileType = sourcecode.swift; path = RecordedAudio.swift; sourceTree = "<group>"; };
		98D5A53C1BFA89E80059708A /* PitchPerfect.app */ = {isa = PBXFileReference; explicitFileType = wrapper.application; includeInIndex = 0; path = PitchPerfect.app; sourceTree = BUILT_PRODUCTS_DIR; };
		98D5A53F1BFA89E80059708A /* AppDelegate.swift */ = {isa = PBXFileReference; lastKnownFileType = sourcecode.swift; path = AppDelegate.swift; sourceTree = "<group>"; };
		98D5A5411BFA89E80059708A /* RecordSoundViewController.swift */ = {isa = PBXFileReference; lastKnownFileType = sourcecode.swift; path = RecordSoundViewController.swift; sourceTree = "<group>"; };
		98D5A5441BFA89E80059708A /* Base */ = {isa = PBXFileReference; lastKnownFileType = file.storyboard; name = Base; path = Base.lproj/Main.storyboard; sourceTree = "<group>"; };
		98D5A5461BFA89E80059708A /* Assets.xcassets */ = {isa = PBXFileReference; lastKnownFileType = folder.assetcatalog; path = Assets.xcassets; sourceTree = "<group>"; };
		98D5A5491BFA89E80059708A /* Base */ = {isa = PBXFileReference; lastKnownFileType = file.storyboard; name = Base; path = Base.lproj/LaunchScreen.storyboard; sourceTree = "<group>"; };
		98D5A54B1BFA89E80059708A /* Info.plist */ = {isa = PBXFileReference; lastKnownFileType = text.plist.xml; path = Info.plist; sourceTree = "<group>"; };
/* End PBXFileReference section */

/* Begin PBXFrameworksBuildPhase section */
		98D5A5391BFA89E70059708A /* Frameworks */ = {
			isa = PBXFrameworksBuildPhase;
			buildActionMask = 2147483647;
			files = (
			);
			runOnlyForDeploymentPostprocessing = 0;
		};
/* End PBXFrameworksBuildPhase section */

/* Begin PBXGroup section */
		98D5A5331BFA89E70059708A = {
			isa = PBXGroup;
			children = (
				98D5A53E1BFA89E80059708A /* PitchPerfect */,
				98D5A53D1BFA89E80059708A /* Products */,
			);
			sourceTree = "<group>";
		};
		98D5A53D1BFA89E80059708A /* Products */ = {
			isa = PBXGroup;
			children = (
				98D5A53C1BFA89E80059708A /* PitchPerfect.app */,
			);
			name = Products;
			sourceTree = "<group>";
		};
		98D5A53E1BFA89E80059708A /* PitchPerfect */ = {
			isa = PBXGroup;
			children = (
				98D5A53F1BFA89E80059708A /* AppDelegate.swift */,
				98D5A5411BFA89E80059708A /* RecordSoundViewController.swift */,
				988F8E721BFBDFCB00CB0AD2 /* RecordedAudio.swift */,
				98D5A5431BFA89E80059708A /* Main.storyboard */,
				9841F3C01BFAA888008F6E84 /* PlaySoundViewController.swift */,
				98D5A5461BFA89E80059708A /* Assets.xcassets */,
				98D5A5481BFA89E80059708A /* LaunchScreen.storyboard */,
				988F8E701BFBC1E000CB0AD2 /* movie_quote.mp3 */,
				98D5A54B1BFA89E80059708A /* Info.plist */,
			);
			path = PitchPerfect;
			sourceTree = "<group>";
		};
/* End PBXGroup section */

/* Begin PBXNativeTarget section */
		98D5A53B1BFA89E70059708A /* PitchPerfect */ = {
			isa = PBXNativeTarget;
			buildConfigurationList = 98D5A54E1BFA89E80059708A /* Build configuration list for PBXNativeTarget "PitchPerfect" */;
			buildPhases = (
				98D5A5381BFA89E70059708A /* Sources */,
				98D5A5391BFA89E70059708A /* Frameworks */,
				98D5A53A1BFA89E70059708A /* Resources */,
			);
			buildRules = (
			);
			dependencies = (
			);
			name = PitchPerfect;
			productName = PitchPerfect;
			productReference = 98D5A53C1BFA89E80059708A /* PitchPerfect.app */;
			productType = "com.apple.product-type.application";
		};
/* End PBXNativeTarget section */

/* Begin PBXProject section */
		98D5A5341BFA89E70059708A /* Project object */ = {
			isa = PBXProject;
			attributes = {
				LastSwiftUpdateCheck = 0710;
				LastUpgradeCheck = 0710;
				ORGANIZATIONNAME = "Ankit Garg";
				TargetAttributes = {
					98D5A53B1BFA89E70059708A = {
						CreatedOnToolsVersion = 7.1.1;
					};
				};
			};
			buildConfigurationList = 98D5A5371BFA89E70059708A /* Build configuration list for PBXProject "PitchPerfect" */;
			compatibilityVersion = "Xcode 3.2";
			developmentRegion = English;
			hasScannedForEncodings = 0;
			knownRegions = (
				en,
				Base,
			);
			mainGroup = 98D5A5331BFA89E70059708A;
			productRefGroup = 98D5A53D1BFA89E80059708A /* Products */;
			projectDirPath = "";
			projectRoot = "";
			targets = (
				98D5A53B1BFA89E70059708A /* PitchPerfect */,
			);
		};
/* End PBXProject section */

/* Begin PBXResourcesBuildPhase section */
		98D5A53A1BFA89E70059708A /* Resources */ = {
			isa = PBXResourcesBuildPhase;
			buildActionMask = 2147483647;
			files = (
				98D5A54A1BFA89E80059708A /* LaunchScreen.storyboard in Resources */,
				98D5A5471BFA89E80059708A /* Assets.xcassets in Resources */,
				988F8E711BFBC1E000CB0AD2 /* movie_quote.mp3 in Resources */,
				98D5A5451BFA89E80059708A /* Main.storyboard in Resources */,
			);
			runOnlyForDeploymentPostprocessing = 0;
		};
/* End PBXResourcesBuildPhase section */

/* Begin PBXSourcesBuildPhase section */
		98D5A5381BFA89E70059708A /* Sources */ = {
			isa = PBXSourcesBuildPhase;
			buildActionMask = 2147483647;
			files = (
				988F8E731BFBDFCB00CB0AD2 /* RecordedAudio.swift in Sources */,
				98D5A5421BFA89E80059708A /* RecordSoundViewController.swift in Sources */,
				9841F3C11BFAA888008F6E84 /* PlaySoundViewController.swift in Sources */,
				98D5A5401BFA89E80059708A /* AppDelegate.swift in Sources */,
			);
			runOnlyForDeploymentPostprocessing = 0;
		};
/* End PBXSourcesBuildPhase section */

/* Begin PBXVariantGroup section */
		98D5A5431BFA89E80059708A /* Main.storyboard */ = {
			isa = PBXVariantGroup;
			children = (
				98D5A5441BFA89E80059708A /* Base */,
			);
			name = Main.storyboard;
			sourceTree = "<group>";
		};
		98D5A5481BFA89E80059708A /* LaunchScreen.storyboard */ = {
			isa = PBXVariantGroup;
			children = (
				98D5A5491BFA89E80059708A /* Base */,
			);
			name = LaunchScreen.storyboard;
			sourceTree = "<group>";
		};
/* End PBXVariantGroup section */

/* Begin XCBuildConfiguration section */
		98D5A54C1BFA89E80059708A /* Debug */ = {
			isa = XCBuildConfiguration;
			buildSettings = {
				ALWAYS_SEARCH_USER_PATHS = NO;
				CLANG_CXX_LANGUAGE_STANDARD = "gnu++0x";
				CLANG_CXX_LIBRARY = "libc++";
				CLANG_ENABLE_MODULES = YES;
				CLANG_ENABLE_OBJC_ARC = YES;
				CLANG_WARN_BOOL_CONVERSION = YES;
				CLANG_WARN_CONSTANT_CONVERSION = YES;
				CLANG_WARN_DIRECT_OBJC_ISA_USAGE = YES_ERROR;
				CLANG_WARN_EMPTY_BODY = YES;
				CLANG_WARN_ENUM_CONVERSION = YES;
				CLANG_WARN_INT_CONVERSION = YES;
				CLANG_WARN_OBJC_ROOT_CLASS = YES_ERROR;
				CLANG_WARN_UNREACHABLE_CODE = YES;
				CLANG_WARN__DUPLICATE_METHOD_MATCH = YES;
				"CODE_SIGN_IDENTITY[sdk=iphoneos*]" = "iPhone Developer";
				COPY_PHASE_STRIP = NO;
				DEBUG_INFORMATION_FORMAT = dwarf;
				ENABLE_STRICT_OBJC_MSGSEND = YES;
				ENABLE_TESTABILITY = YES;
				GCC_C_LANGUAGE_STANDARD = gnu99;
				GCC_DYNAMIC_NO_PIC = NO;
				GCC_NO_COMMON_BLOCKS = YES;
				GCC_OPTIMIZATION_LEVEL = 0;
				GCC_PREPROCESSOR_DEFINITIONS = (
					"DEBUG=1",
					"$(inherited)",
				);
				GCC_WARN_64_TO_32_BIT_CONVERSION = YES;
				GCC_WARN_ABOUT_RETURN_TYPE = YES_ERROR;
				GCC_WARN_UNDECLARED_SELECTOR = YES;
				GCC_WARN_UNINITIALIZED_AUTOS = YES_AGGRESSIVE;
				GCC_WARN_UNUSED_FUNCTION = YES;
				GCC_WARN_UNUSED_VARIABLE = YES;
				IPHONEOS_DEPLOYMENT_TARGET = 9.1;
				MTL_ENABLE_DEBUG_INFO = YES;
				ONLY_ACTIVE_ARCH = YES;
				SDKROOT = iphoneos;
				SWIFT_OPTIMIZATION_LEVEL = "-Onone";
			};
			name = Debug;
		};
		98D5A54D1BFA89E80059708A /* Release */ = {
			isa = XCBuildConfiguration;
			buildSettings = {
				ALWAYS_SEARCH_USER_PATHS = NO;
				CLANG_CXX_LANGUAGE_STANDARD = "gnu++0x";
				CLANG_CXX_LIBRARY = "libc++";
				CLANG_ENABLE_MODULES = YES;
				CLANG_ENABLE_OBJC_ARC = YES;
				CLANG_WARN_BOOL_CONVERSION = YES;
				CLANG_WARN_CONSTANT_CONVERSION = YES;
				CLANG_WARN_DIRECT_OBJC_ISA_USAGE = YES_ERROR;
				CLANG_WARN_EMPTY_BODY = YES;
				CLANG_WARN_ENUM_CONVERSION = YES;
				CLANG_WARN_INT_CONVERSION = YES;
				CLANG_WARN_OBJC_ROOT_CLASS = YES_ERROR;
				CLANG_WARN_UNREACHABLE_CODE = YES;
				CLANG_WARN__DUPLICATE_METHOD_MATCH = YES;
				"CODE_SIGN_IDENTITY[sdk=iphoneos*]" = "iPhone Developer";
				COPY_PHASE_STRIP = NO;
				DEBUG_INFORMATION_FORMAT = "dwarf-with-dsym";
				ENABLE_NS_ASSERTIONS = NO;
				ENABLE_STRICT_OBJC_MSGSEND = YES;
				GCC_C_LANGUAGE_STANDARD = gnu99;
				GCC_NO_COMMON_BLOCKS = YES;
				GCC_WARN_64_TO_32_BIT_CONVERSION = YES;
				GCC_WARN_ABOUT_RETURN_TYPE = YES_ERROR;
				GCC_WARN_UNDECLARED_SELECTOR = YES;
				GCC_WARN_UNINITIALIZED_AUTOS = YES_AGGRESSIVE;
				GCC_WARN_UNUSED_FUNCTION = YES;
				GCC_WARN_UNUSED_VARIABLE = YES;
				IPHONEOS_DEPLOYMENT_TARGET = 9.1;
				MTL_ENABLE_DEBUG_INFO = NO;
				SDKROOT = iphoneos;
				VALIDATE_PRODUCT = YES;
			};
			name = Release;
		};
		98D5A54F1BFA89E80059708A /* Debug */ = {
			isa = XCBuildConfiguration;
			buildSettings = {
				ASSETCATALOG_COMPILER_APPICON_NAME = AppIcon;
				INFOPLIST_FILE = PitchPerfect/Info.plist;
				LD_RUNPATH_SEARCH_PATHS = "$(inherited) @executable_path/Frameworks";
				PRODUCT_BUNDLE_IDENTIFIER = AOL.PitchPerfect;
				PRODUCT_NAME = "$(TARGET_NAME)";
			};
			name = Debug;
		};
		98D5A5501BFA89E80059708A /* Release */ = {
			isa = XCBuildConfiguration;
			buildSettings = {
				ASSETCATALOG_COMPILER_APPICON_NAME = AppIcon;
				INFOPLIST_FILE = PitchPerfect/Info.plist;
				LD_RUNPATH_SEARCH_PATHS = "$(inherited) @executable_path/Frameworks";
				PRODUCT_BUNDLE_IDENTIFIER = AOL.PitchPerfect;
				PRODUCT_NAME = "$(TARGET_NAME)";
			};
			name = Release;
		};
/* End XCBuildConfiguration section */

/* Begin XCConfigurationList section */
		98D5A5371BFA89E70059708A /* Build configuration list for PBXProject "PitchPerfect" */ = {
			isa = XCConfigurationList;
			buildConfigurations = (
				98D5A54C1BFA89E80059708A /* Debug */,
				98D5A54D1BFA89E80059708A /* Release */,
			);
			defaultConfigurationIsVisible = 0;
			defaultConfigurationName = Release;
		};
		98D5A54E1BFA89E80059708A /* Build configuration list for PBXNativeTarget "PitchPerfect" */ = {
			isa = XCConfigurationList;
			buildConfigurations = (
				98D5A54F1BFA89E80059708A /* Debug */,
				98D5A5501BFA89E80059708A /* Release */,
			);
			defaultConfigurationIsVisible = 0;
			defaultConfigurationName = Release;
		};
/* End XCConfigurationList section */
	};
	rootObject = 98D5A5341BFA89E70059708A /* Project object */;
}
